
Microsoft Visual Studio Solution File, Format Version 12.00
# Visual Studio Version 17
VisualStudioVersion = 17.5.002.0
MinimumVisualStudioVersion = 10.0.40219.1
Project("{2150E333-8FDC-42A3-9474-1A3956D46DE8}") = "csharp-prep", "csharp-prep", "{1EEA484B-13F7-4FB1-9560-D54CE0874920}"
EndProject
Project("{9A19103F-16F7-4668-BE54-9A1E7A4F7556}") = "Prep1", "csharp-prep\Prep1\Prep1.csproj", "{99846D9E-247B-44AD-8434-73F5ABCABC75}"
EndProject
Project("{9A19103F-16F7-4668-BE54-9A1E7A4F7556}") = "Prep2", "csharp-prep\Prep2\Prep2.csproj", "{8B8B43D1-169E-43BF-B6A2-BA9B6E3A12B3}"
EndProject
Project("{9A19103F-16F7-4668-BE54-9A1E7A4F7556}") = "Prep3", "csharp-prep\Prep3\Prep3.csproj", "{B9840F6C-E02A-446F-959A-079E08C73D66}"
EndProject
Project("{9A19103F-16F7-4668-BE54-9A1E7A4F7556}") = "Prep4", "csharp-prep\Prep4\Prep4.csproj", "{D09ED2AB-CEA8-498D-9C29-F9E7F6651AB2}"
EndProject
Project("{9A19103F-16F7-4668-BE54-9A1E7A4F7556}") = "Prep5", "csharp-prep\Prep5\Prep5.csproj", "{75776A70-58C8-400A-9724-B9EA22D6BD50}"
EndProject
Project("{2150E333-8FDC-42A3-9474-1A3956D46DE8}") = "final", "final", "{D599CEA0-B6B8-42C1-9E99-9CB6BB066903}"
EndProject
Project("{9A19103F-16F7-4668-BE54-9A1E7A4F7556}") = "FinalProject", "final\FinalProject\FinalProject.csproj", "{BEB624F0-EFB5-4A3A-9531-4432A2DD6FA7}"
EndProject
Project("{9A19103F-16F7-4668-BE54-9A1E7A4F7556}") = "Foundation1", "final\Foundation1\Foundation1.csproj", "{2FA1ECEF-C6ED-4C37-A104-7DC4B3D07E79}"
EndProject
Project("{9A19103F-16F7-4668-BE54-9A1E7A4F7556}") = "Foundation2", "final\Foundation2\Foundation2.csproj", "{F3442C3B-6BE6-4E07-8631-CE42CD552495}"
EndProject
Project("{9A19103F-16F7-4668-BE54-9A1E7A4F7556}") = "Foundation3", "final\Foundation3\Foundation3.csproj", "{96CBD15D-D0E6-4C45-B251-6503B86B3198}"
EndProject
Project("{9A19103F-16F7-4668-BE54-9A1E7A4F7556}") = "Foundation4", "final\Foundation4\Foundation4.csproj", "{1E4E7C13-094D-4FE4-AC47-5B4662246598}"
EndProject
Project("{2150E333-8FDC-42A3-9474-1A3956D46DE8}") = "prepare", "prepare", "{033F6CCF-8337-42E5-8C2D-F13C3EC48BF3}"
EndProject
Project("{9A19103F-16F7-4668-BE54-9A1E7A4F7556}") = "Learning02", "prepare\Learning02\Learning02.csproj", "{A78916DA-4DF2-4FEC-8A8D-AD5CB3818481}"
EndProject
Project("{9A19103F-16F7-4668-BE54-9A1E7A4F7556}") = "Learning03", "prepare\Learning03\Learning03.csproj", "{7D640174-6DC5-46EB-B5D4-2B3B812032EC}"
EndProject
Project("{9A19103F-16F7-4668-BE54-9A1E7A4F7556}") = "Learning04", "prepare\Learning04\Learning04.csproj", "{A0D20BC8-041E-43CD-B367-6F36145F8C6E}"
EndProject
Project("{9A19103F-16F7-4668-BE54-9A1E7A4F7556}") = "Learning05", "prepare\Learning05\Learning05.csproj", "{C635435D-A7E0-4A1C-AC16-6D47E3B63446}"
EndProject
Project("{2150E333-8FDC-42A3-9474-1A3956D46DE8}") = "prove", "prove", "{E6ACE4D2-86BA-4138-8DBF-7033410BA45A}"
EndProject
Project("{9A19103F-16F7-4668-BE54-9A1E7A4F7556}") = "Develop02", "prove\Develop02\Develop02.csproj", "{1293E776-0025-4A85-8F14-90A2FE48AB86}"
EndProject
Project("{9A19103F-16F7-4668-BE54-9A1E7A4F7556}") = "Develop03", "prove\Develop03\Develop03.csproj", "{2C001000-C152-4BDE-8472-DC9763815315}"
EndProject
Project("{9A19103F-16F7-4668-BE54-9A1E7A4F7556}") = "Develop04", "prove\Develop04\Develop04.csproj", "{953FE2B6-A668-4736-8D2B-223CCA030293}"
EndProject
Project("{9A19103F-16F7-4668-BE54-9A1E7A4F7556}") = "Develop05", "prove\Develop05\Develop05.csproj", "{4F0A2ED9-0ED1-4CA5-8EA8-A4AD3BF0B8AE}"
EndProject
Project("{2150E333-8FDC-42A3-9474-1A3956D46DE8}") = "sandbox", "sandbox", "{E7518A40-7651-48F0-AB08-CD8197663FA3}"
EndProject
Project("{9A19103F-16F7-4668-BE54-9A1E7A4F7556}") = "Sandbox", "sandbox\Sandbox\Sandbox.csproj", "{6BD212CE-F585-474C-B1A1-1BA0095BFFD4}"
EndProject
Global
	GlobalSection(SolutionConfigurationPlatforms) = preSolution
		Debug|Any CPU = Debug|Any CPU
		Release|Any CPU = Release|Any CPU
	EndGlobalSection
	GlobalSection(ProjectConfigurationPlatforms) = postSolution
		{99846D9E-247B-44AD-8434-73F5ABCABC75}.Debug|Any CPU.ActiveCfg = Debug|Any CPU
		{99846D9E-247B-44AD-8434-73F5ABCABC75}.Debug|Any CPU.Build.0 = Debug|Any CPU
		{99846D9E-247B-44AD-8434-73F5ABCABC75}.Release|Any CPU.ActiveCfg = Release|Any CPU
		{99846D9E-247B-44AD-8434-73F5ABCABC75}.Release|Any CPU.Build.0 = Release|Any CPU
		{8B8B43D1-169E-43BF-B6A2-BA9B6E3A12B3}.Debug|Any CPU.ActiveCfg = Debug|Any CPU
		{8B8B43D1-169E-43BF-B6A2-BA9B6E3A12B3}.Debug|Any CPU.Build.0 = Debug|Any CPU
		{8B8B43D1-169E-43BF-B6A2-BA9B6E3A12B3}.Release|Any CPU.ActiveCfg = Release|Any CPU
		{8B8B43D1-169E-43BF-B6A2-BA9B6E3A12B3}.Release|Any CPU.Build.0 = Release|Any CPU
		{B9840F6C-E02A-446F-959A-079E08C73D66}.Debug|Any CPU.ActiveCfg = Debug|Any CPU
		{B9840F6C-E02A-446F-959A-079E08C73D66}.Debug|Any CPU.Build.0 = Debug|Any CPU
		{B9840F6C-E02A-446F-959A-079E08C73D66}.Release|Any CPU.ActiveCfg = Release|Any CPU
		{B9840F6C-E02A-446F-959A-079E08C73D66}.Release|Any CPU.Build.0 = Release|Any CPU
		{D09ED2AB-CEA8-498D-9C29-F9E7F6651AB2}.Debug|Any CPU.ActiveCfg = Debug|Any CPU
		{D09ED2AB-CEA8-498D-9C29-F9E7F6651AB2}.Debug|Any CPU.Build.0 = Debug|Any CPU
		{D09ED2AB-CEA8-498D-9C29-F9E7F6651AB2}.Release|Any CPU.ActiveCfg = Release|Any CPU
		{D09ED2AB-CEA8-498D-9C29-F9E7F6651AB2}.Release|Any CPU.Build.0 = Release|Any CPU
		{75776A70-58C8-400A-9724-B9EA22D6BD50}.Debug|Any CPU.ActiveCfg = Debug|Any CPU
		{75776A70-58C8-400A-9724-B9EA22D6BD50}.Debug|Any CPU.Build.0 = Debug|Any CPU
		{75776A70-58C8-400A-9724-B9EA22D6BD50}.Release|Any CPU.ActiveCfg = Release|Any CPU
		{75776A70-58C8-400A-9724-B9EA22D6BD50}.Release|Any CPU.Build.0 = Release|Any CPU
		{BEB624F0-EFB5-4A3A-9531-4432A2DD6FA7}.Debug|Any CPU.ActiveCfg = Debug|Any CPU
		{BEB624F0-EFB5-4A3A-9531-4432A2DD6FA7}.Debug|Any CPU.Build.0 = Debug|Any CPU
		{BEB624F0-EFB5-4A3A-9531-4432A2DD6FA7}.Release|Any CPU.ActiveCfg = Release|Any CPU
		{BEB624F0-EFB5-4A3A-9531-4432A2DD6FA7}.Release|Any CPU.Build.0 = Release|Any CPU
		{2FA1ECEF-C6ED-4C37-A104-7DC4B3D07E79}.Debug|Any CPU.ActiveCfg = Debug|Any CPU
		{2FA1ECEF-C6ED-4C37-A104-7DC4B3D07E79}.Debug|Any CPU.Build.0 = Debug|Any CPU
		{2FA1ECEF-C6ED-4C37-A104-7DC4B3D07E79}.Release|Any CPU.ActiveCfg = Release|Any CPU
		{2FA1ECEF-C6ED-4C37-A104-7DC4B3D07E79}.Release|Any CPU.Build.0 = Release|Any CPU
		{F3442C3B-6BE6-4E07-8631-CE42CD552495}.Debug|Any CPU.ActiveCfg = Debug|Any CPU
		{F3442C3B-6BE6-4E07-8631-CE42CD552495}.Debug|Any CPU.Build.0 = Debug|Any CPU
		{F3442C3B-6BE6-4E07-8631-CE42CD552495}.Release|Any CPU.ActiveCfg = Release|Any CPU
		{F3442C3B-6BE6-4E07-8631-CE42CD552495}.Release|Any CPU.Build.0 = Release|Any CPU
		{96CBD15D-D0E6-4C45-B251-6503B86B3198}.Debug|Any CPU.ActiveCfg = Debug|Any CPU
		{96CBD15D-D0E6-4C45-B251-6503B86B3198}.Debug|Any CPU.Build.0 = Debug|Any CPU
		{96CBD15D-D0E6-4C45-B251-6503B86B3198}.Release|Any CPU.ActiveCfg = Release|Any CPU
		{96CBD15D-D0E6-4C45-B251-6503B86B3198}.Release|Any CPU.Build.0 = Release|Any CPU
		{1E4E7C13-094D-4FE4-AC47-5B4662246598}.Debug|Any CPU.ActiveCfg = Debug|Any CPU
		{1E4E7C13-094D-4FE4-AC47-5B4662246598}.Debug|Any CPU.Build.0 = Debug|Any CPU
		{1E4E7C13-094D-4FE4-AC47-5B4662246598}.Release|Any CPU.ActiveCfg = Release|Any CPU
		{1E4E7C13-094D-4FE4-AC47-5B4662246598}.Release|Any CPU.Build.0 = Release|Any CPU
		{A78916DA-4DF2-4FEC-8A8D-AD5CB3818481}.Debug|Any CPU.ActiveCfg = Debug|Any CPU
		{A78916DA-4DF2-4FEC-8A8D-AD5CB3818481}.Debug|Any CPU.Build.0 = Debug|Any CPU
		{A78916DA-4DF2-4FEC-8A8D-AD5CB3818481}.Release|Any CPU.ActiveCfg = Release|Any CPU
		{A78916DA-4DF2-4FEC-8A8D-AD5CB3818481}.Release|Any CPU.Build.0 = Release|Any CPU
		{7D640174-6DC5-46EB-B5D4-2B3B812032EC}.Debug|Any CPU.ActiveCfg = Debug|Any CPU
		{7D640174-6DC5-46EB-B5D4-2B3B812032EC}.Debug|Any CPU.Build.0 = Debug|Any CPU
		{7D640174-6DC5-46EB-B5D4-2B3B812032EC}.Release|Any CPU.ActiveCfg = Release|Any CPU
		{7D640174-6DC5-46EB-B5D4-2B3B812032EC}.Release|Any CPU.Build.0 = Release|Any CPU
		{A0D20BC8-041E-43CD-B367-6F36145F8C6E}.Debug|Any CPU.ActiveCfg = Debug|Any CPU
		{A0D20BC8-041E-43CD-B367-6F36145F8C6E}.Debug|Any CPU.Build.0 = Debug|Any CPU
		{A0D20BC8-041E-43CD-B367-6F36145F8C6E}.Release|Any CPU.ActiveCfg = Release|Any CPU
		{A0D20BC8-041E-43CD-B367-6F36145F8C6E}.Release|Any CPU.Build.0 = Release|Any CPU
		{C635435D-A7E0-4A1C-AC16-6D47E3B63446}.Debug|Any CPU.ActiveCfg = Debug|Any CPU
		{C635435D-A7E0-4A1C-AC16-6D47E3B63446}.Debug|Any CPU.Build.0 = Debug|Any CPU
		{C635435D-A7E0-4A1C-AC16-6D47E3B63446}.Release|Any CPU.ActiveCfg = Release|Any CPU
		{C635435D-A7E0-4A1C-AC16-6D47E3B63446}.Release|Any CPU.Build.0 = Release|Any CPU
		{1293E776-0025-4A85-8F14-90A2FE48AB86}.Debug|Any CPU.ActiveCfg = Debug|Any CPU
		{1293E776-0025-4A85-8F14-90A2FE48AB86}.Debug|Any CPU.Build.0 = Debug|Any CPU
		{1293E776-0025-4A85-8F14-90A2FE48AB86}.Release|Any CPU.ActiveCfg = Release|Any CPU
		{1293E776-0025-4A85-8F14-90A2FE48AB86}.Release|Any CPU.Build.0 = Release|Any CPU
		{2C001000-C152-4BDE-8472-DC9763815315}.Debug|Any CPU.ActiveCfg = Debug|Any CPU
		{2C001000-C152-4BDE-8472-DC9763815315}.Debug|Any CPU.Build.0 = Debug|Any CPU
		{2C001000-C152-4BDE-8472-DC9763815315}.Release|Any CPU.ActiveCfg = Release|Any CPU
		{2C001000-C152-4BDE-8472-DC9763815315}.Release|Any CPU.Build.0 = Release|Any CPU
		{953FE2B6-A668-4736-8D2B-223CCA030293}.Debug|Any CPU.ActiveCfg = Debug|Any CPU
		{953FE2B6-A668-4736-8D2B-223CCA030293}.Debug|Any CPU.Build.0 = Debug|Any CPU
		{953FE2B6-A668-4736-8D2B-223CCA030293}.Release|Any CPU.ActiveCfg = Release|Any CPU
		{953FE2B6-A668-4736-8D2B-223CCA030293}.Release|Any CPU.Build.0 = Release|Any CPU
		{4F0A2ED9-0ED1-4CA5-8EA8-A4AD3BF0B8AE}.Debug|Any CPU.ActiveCfg = Debug|Any CPU
		{4F0A2ED9-0ED1-4CA5-8EA8-A4AD3BF0B8AE}.Debug|Any CPU.Build.0 = Debug|Any CPU
		{4F0A2ED9-0ED1-4CA5-8EA8-A4AD3BF0B8AE}.Release|Any CPU.ActiveCfg = Release|Any CPU
		{4F0A2ED9-0ED1-4CA5-8EA8-A4AD3BF0B8AE}.Release|Any CPU.Build.0 = Release|Any CPU
		{6BD212CE-F585-474C-B1A1-1BA0095BFFD4}.Debug|Any CPU.ActiveCfg = Debug|Any CPU
		{6BD212CE-F585-474C-B1A1-1BA0095BFFD4}.Debug|Any CPU.Build.0 = Debug|Any CPU
		{6BD212CE-F585-474C-B1A1-1BA0095BFFD4}.Release|Any CPU.ActiveCfg = Release|Any CPU
		{6BD212CE-F585-474C-B1A1-1BA0095BFFD4}.Release|Any CPU.Build.0 = Release|Any CPU
	EndGlobalSection
	GlobalSection(SolutionProperties) = preSolution
		HideSolutionNode = FALSE
	EndGlobalSection
	GlobalSection(NestedProjects) = preSolution
		{99846D9E-247B-44AD-8434-73F5ABCABC75} = {1EEA484B-13F7-4FB1-9560-D54CE0874920}
		{8B8B43D1-169E-43BF-B6A2-BA9B6E3A12B3} = {1EEA484B-13F7-4FB1-9560-D54CE0874920}
		{B9840F6C-E02A-446F-959A-079E08C73D66} = {1EEA484B-13F7-4FB1-9560-D54CE0874920}
		{D09ED2AB-CEA8-498D-9C29-F9E7F6651AB2} = {1EEA484B-13F7-4FB1-9560-D54CE0874920}
		{75776A70-58C8-400A-9724-B9EA22D6BD50} = {1EEA484B-13F7-4FB1-9560-D54CE0874920}
		{BEB624F0-EFB5-4A3A-9531-4432A2DD6FA7} = {D599CEA0-B6B8-42C1-9E99-9CB6BB066903}
		{2FA1ECEF-C6ED-4C37-A104-7DC4B3D07E79} = {D599CEA0-B6B8-42C1-9E99-9CB6BB066903}
		{F3442C3B-6BE6-4E07-8631-CE42CD552495} = {D599CEA0-B6B8-42C1-9E99-9CB6BB066903}
		{96CBD15D-D0E6-4C45-B251-6503B86B3198} = {D599CEA0-B6B8-42C1-9E99-9CB6BB066903}
		{1E4E7C13-094D-4FE4-AC47-5B4662246598} = {D599CEA0-B6B8-42C1-9E99-9CB6BB066903}
		{A78916DA-4DF2-4FEC-8A8D-AD5CB3818481} = {033F6CCF-8337-42E5-8C2D-F13C3EC48BF3}
		{7D640174-6DC5-46EB-B5D4-2B3B812032EC} = {033F6CCF-8337-42E5-8C2D-F13C3EC48BF3}
		{A0D20BC8-041E-43CD-B367-6F36145F8C6E} = {033F6CCF-8337-42E5-8C2D-F13C3EC48BF3}
		{C635435D-A7E0-4A1C-AC16-6D47E3B63446} = {033F6CCF-8337-42E5-8C2D-F13C3EC48BF3}
		{1293E776-0025-4A85-8F14-90A2FE48AB86} = {E6ACE4D2-86BA-4138-8DBF-7033410BA45A}
		{2C001000-C152-4BDE-8472-DC9763815315} = {E6ACE4D2-86BA-4138-8DBF-7033410BA45A}
		{953FE2B6-A668-4736-8D2B-223CCA030293} = {E6ACE4D2-86BA-4138-8DBF-7033410BA45A}
		{4F0A2ED9-0ED1-4CA5-8EA8-A4AD3BF0B8AE} = {E6ACE4D2-86BA-4138-8DBF-7033410BA45A}
		{6BD212CE-F585-474C-B1A1-1BA0095BFFD4} = {E7518A40-7651-48F0-AB08-CD8197663FA3}
	EndGlobalSection
	GlobalSection(ExtensibilityGlobals) = postSolution
		SolutionGuid = {0EE86EFD-AC45-4B92-8779-F21BBEF83150}
	EndGlobalSection
EndGlobal
